// !$*UTF8*$!
{
	archiveVersion = 1;
	classes = {
	};
	objectVersion = 52;
	objects = {

/* Begin PBXBuildFile section */
		F30D57EA23A0E24F00408AA5 /* Programmers_Level_1_Plus_Matrix.swift in Sources */ = {isa = PBXBuildFile; fileRef = F30D57E923A0E24F00408AA5 /* Programmers_Level_1_Plus_Matrix.swift */; };
		F30D57EC23A0E48D00408AA5 /* Programmers_Level_1_Distance_List.swift in Sources */ = {isa = PBXBuildFile; fileRef = F30D57EB23A0E48D00408AA5 /* Programmers_Level_1_Distance_List.swift */; };
		F30D57EE23A2016A00408AA5 /* Programmers_Level_1_Budget.swift in Sources */ = {isa = PBXBuildFile; fileRef = F30D57ED23A2016A00408AA5 /* Programmers_Level_1_Budget.swift */; };
		F30D57F023A361EC00408AA5 /* Programmers_Level_1_Secret_Map.swift in Sources */ = {isa = PBXBuildFile; fileRef = F30D57EF23A361EC00408AA5 /* Programmers_Level_1_Secret_Map.swift */; };
		F30D57F223A39BFE00408AA5 /* Programmers_Level_1_Fail_Rate.swift in Sources */ = {isa = PBXBuildFile; fileRef = F30D57F123A39BFE00408AA5 /* Programmers_Level_1_Fail_Rate.swift */; };
		F31430D423ACBDFE00C4BF7E /* Programmers_Level_2_Printer.swift in Sources */ = {isa = PBXBuildFile; fileRef = F31430D323ACBDFE00C4BF7E /* Programmers_Level_2_Printer.swift */; };
		F31FE5F6238D463A00CC7658 /* Programmers_Level_1_Mock_Exam.swift in Sources */ = {isa = PBXBuildFile; fileRef = F31FE5F5238D463A00CC7658 /* Programmers_Level_1_Mock_Exam.swift */; };
		F31FE5F8238D544900CC7658 /* Programmers_Level_1_K_Number.swift in Sources */ = {isa = PBXBuildFile; fileRef = F31FE5F7238D544900CC7658 /* Programmers_Level_1_K_Number.swift */; };
		F31FE5FA238D5E6A00CC7658 /* Programmers_Level_1_Gym_Clothes.swift in Sources */ = {isa = PBXBuildFile; fileRef = F31FE5F9238D5E6A00CC7658 /* Programmers_Level_1_Gym_Clothes.swift */; };
		F31FE5FC238E4C1B00CC7658 /* Programmers_Level_1_2016.swift in Sources */ = {isa = PBXBuildFile; fileRef = F31FE5FB238E4C1B00CC7658 /* Programmers_Level_1_2016.swift */; };
		F31FE5FE238F9F5C00CC7658 /* Programmers_Level_1_Center_String.swift in Sources */ = {isa = PBXBuildFile; fileRef = F31FE5FD238F9F5C00CC7658 /* Programmers_Level_1_Center_String.swift */; };
		F31FE600238FA3DD00CC7658 /* Programmers_Level_1_Clean_Divide.swift in Sources */ = {isa = PBXBuildFile; fileRef = F31FE5FF238FA3DD00CC7658 /* Programmers_Level_1_Clean_Divide.swift */; };
		F31FE602238FA6C000CC7658 /* Programmers_Level_1_Sum_Of_Two_Integer.swift in Sources */ = {isa = PBXBuildFile; fileRef = F31FE601238FA6C000CC7658 /* Programmers_Level_1_Sum_Of_Two_Integer.swift */; };
		F31FE604238FAA2700CC7658 /* Programmers_Level_1_Sort_String.swift in Sources */ = {isa = PBXBuildFile; fileRef = F31FE603238FAA2700CC7658 /* Programmers_Level_1_Sort_String.swift */; };
		F31FE606238FAF8700CC7658 /* Programmers_Level_1_Count_Of_P_Y.swift in Sources */ = {isa = PBXBuildFile; fileRef = F31FE605238FAF8700CC7658 /* Programmers_Level_1_Count_Of_P_Y.swift */; };
		F33A774624D05E28007866B2 /* HackerRank_Bon_Appetit.swift in Sources */ = {isa = PBXBuildFile; fileRef = F33A774524D05E28007866B2 /* HackerRank_Bon_Appetit.swift */; };
		F33A777724D19E65007866B2 /* HackerRank_Sock_Merchant.swift in Sources */ = {isa = PBXBuildFile; fileRef = F33A777624D19E65007866B2 /* HackerRank_Sock_Merchant.swift */; };
		F34B58572389588F0013E1F5 /* JSTester in Frameworks */ = {isa = PBXBuildFile; productRef = F34B58562389588F0013E1F5 /* JSTester */; };
		F34B585A238964230013E1F5 /* Programmers_Level_1_String_Compression.swift in Sources */ = {isa = PBXBuildFile; fileRef = F34B5859238964230013E1F5 /* Programmers_Level_1_String_Compression.swift */; };
		F34CC57124D2F22A00C58EC3 /* HackerRank_Drawing_Book.swift in Sources */ = {isa = PBXBuildFile; fileRef = F34CC57024D2F22A00C58EC3 /* HackerRank_Drawing_Book.swift */; };
		F358532E23BB2A6A00DACCBF /* Programmers_Level_2_Pass_The_Bridge.swift in Sources */ = {isa = PBXBuildFile; fileRef = F358532D23BB2A6A00DACCBF /* Programmers_Level_2_Pass_The_Bridge.swift */; };
		F358EA7823BF8F9200BD6C8B /* Programmers_Level_2_Convert_Parentheses.swift in Sources */ = {isa = PBXBuildFile; fileRef = F358EA7723BF8F9200BD6C8B /* Programmers_Level_2_Convert_Parentheses.swift */; };
		F379568323ABE6BA001BCF72 /* Programmers_Level_2_Pipe.swift in Sources */ = {isa = PBXBuildFile; fileRef = F379568223ABE6BA001BCF72 /* Programmers_Level_2_Pipe.swift */; };
		F37CA02023A75ACD00A8990F /* Programmers_Level_1_Dart_Game.swift in Sources */ = {isa = PBXBuildFile; fileRef = F37CA01F23A75ACD00A8990F /* Programmers_Level_1_Dart_Game.swift */; };
		F37CA0A323A8749000A8990F /* Programmers_Level_2_Feature.swift in Sources */ = {isa = PBXBuildFile; fileRef = F37CA0A223A8749000A8990F /* Programmers_Level_2_Feature.swift */; };
		F37CA0A523A88CFB00A8990F /* Programmers_Level_2_Tower.swift in Sources */ = {isa = PBXBuildFile; fileRef = F37CA0A423A88CFA00A8990F /* Programmers_Level_2_Tower.swift */; };
		F38B793623C2FFB500CE2111 /* Programmers_Level_2_Joystick.swift in Sources */ = {isa = PBXBuildFile; fileRef = F38B793523C2FFB500CE2111 /* Programmers_Level_2_Joystick.swift */; };
		F38C7D5824DAD8DA001DEBCC /* HackerRank_Cats_And_A_Mouse.swift in Sources */ = {isa = PBXBuildFile; fileRef = F38C7D5724DAD8DA001DEBCC /* HackerRank_Cats_And_A_Mouse.swift */; };
		F38C8BDE24D97F95001FAD04 /* HackerRank_Electronics_Shop.swift in Sources */ = {isa = PBXBuildFile; fileRef = F38C8BDD24D97F95001FAD04 /* HackerRank_Electronics_Shop.swift */; };
		F391849024CDA7E9002F9BCF /* HackerRank_Mini_Max_Sum.swift in Sources */ = {isa = PBXBuildFile; fileRef = F391848F24CDA7E9002F9BCF /* HackerRank_Mini_Max_Sum.swift */; };
		F391849224CDAB31002F9BCF /* HackerRank_Birthday_Cake_Candles.swift in Sources */ = {isa = PBXBuildFile; fileRef = F391849124CDAB31002F9BCF /* HackerRank_Birthday_Cake_Candles.swift */; };
		F391849424CDACCB002F9BCF /* HackerRank_Time_Conversion.swift in Sources */ = {isa = PBXBuildFile; fileRef = F391849324CDACCB002F9BCF /* HackerRank_Time_Conversion.swift */; };
		F391849724CDAE2B002F9BCF /* HackerRank_Grading_Students.swift in Sources */ = {isa = PBXBuildFile; fileRef = F391849624CDAE2B002F9BCF /* HackerRank_Grading_Students.swift */; };
		F391849924CDBD9A002F9BCF /* HackerRank_Apple_And_Orange.swift in Sources */ = {isa = PBXBuildFile; fileRef = F391849824CDBD9A002F9BCF /* HackerRank_Apple_And_Orange.swift */; };
		F391849B24CDC138002F9BCF /* HackerRank_Kangaroo.swift in Sources */ = {isa = PBXBuildFile; fileRef = F391849A24CDC138002F9BCF /* HackerRank_Kangaroo.swift */; };
		F391849D24CF0163002F9BCF /* HackerRank_Migratory_Birds.swift in Sources */ = {isa = PBXBuildFile; fileRef = F391849C24CF0163002F9BCF /* HackerRank_Migratory_Birds.swift */; };
		F391849F24CF0480002F9BCF /* HackerRank_Divisible_Sum_Pairs.swift in Sources */ = {isa = PBXBuildFile; fileRef = F391849E24CF0480002F9BCF /* HackerRank_Divisible_Sum_Pairs.swift */; };
		F39184A124CF0AD9002F9BCF /* HackerRank_Birthday_Chocolate.swift in Sources */ = {isa = PBXBuildFile; fileRef = F39184A024CF0AD9002F9BCF /* HackerRank_Birthday_Chocolate.swift */; };
		F39184A324CF0D79002F9BCF /* HackerRank_Breaking_The_Records.swift in Sources */ = {isa = PBXBuildFile; fileRef = F39184A224CF0D79002F9BCF /* HackerRank_Breaking_The_Records.swift */; };
		F3921CC223ADC3730050533A /* Measure.swift in Sources */ = {isa = PBXBuildFile; fileRef = F3921CC123ADC3730050533A /* Measure.swift */; };
		F39223D824C9C6C300666249 /* HackerRank_Compare_The_Triplets .swift in Sources */ = {isa = PBXBuildFile; fileRef = F39223D724C9C6C300666249 /* HackerRank_Compare_The_Triplets .swift */; };
		F39223DA24C9C9AD00666249 /* HackerRank_A_Very_Big_Sum.swift in Sources */ = {isa = PBXBuildFile; fileRef = F39223D924C9C9AD00666249 /* HackerRank_A_Very_Big_Sum.swift */; };
		F39223DC24C9CB2100666249 /* HackerRank_Diagonal_Difference .swift in Sources */ = {isa = PBXBuildFile; fileRef = F39223DB24C9CB2100666249 /* HackerRank_Diagonal_Difference .swift */; };
		F39223DE24C9D01B00666249 /* HackerRank_Plus_Minus .swift in Sources */ = {isa = PBXBuildFile; fileRef = F39223DD24C9D01B00666249 /* HackerRank_Plus_Minus .swift */; };
		F3A6DAEE239E52D300E91B3B /* Programmers_Level_1_Collatz_Conjecture.swift in Sources */ = {isa = PBXBuildFile; fileRef = F3A6DAED239E52D300E91B3B /* Programmers_Level_1_Collatz_Conjecture.swift */; };
		F3A6DAF0239E54BA00E91B3B /* Programmers_Level_1_Average.swift in Sources */ = {isa = PBXBuildFile; fileRef = F3A6DAEF239E54BA00E91B3B /* Programmers_Level_1_Average.swift */; };
		F3A6DAF4239F6CBF00E91B3B /* Programmers_Level_1_Harshad.swift in Sources */ = {isa = PBXBuildFile; fileRef = F3A6DAF3239F6CBF00E91B3B /* Programmers_Level_1_Harshad.swift */; };
		F3A6DAF6239F6DE000E91B3B /* Programmers_Level_1_Hide_Phone_Number.swift in Sources */ = {isa = PBXBuildFile; fileRef = F3A6DAF5239F6DE000E91B3B /* Programmers_Level_1_Hide_Phone_Number.swift */; };
		F3A7BE1A23ACA1A5005F8758 /* Heap.swift in Sources */ = {isa = PBXBuildFile; fileRef = F3A7BE1923ACA1A5005F8758 /* Heap.swift */; };
		F3A7BE1C23ACA75A005F8758 /* HeapTest.swift in Sources */ = {isa = PBXBuildFile; fileRef = F3A7BE1B23ACA75A005F8758 /* HeapTest.swift */; };
		F3A7BE1E23ACAABF005F8758 /* Node.swift in Sources */ = {isa = PBXBuildFile; fileRef = F3B568FD2389184000838401 /* Node.swift */; };
		F3A7BE1F23ACAABF005F8758 /* Stack.swift in Sources */ = {isa = PBXBuildFile; fileRef = F3B568FB2389183200838401 /* Stack.swift */; };
		F3A7BE2023ACAABF005F8758 /* Queue.swift in Sources */ = {isa = PBXBuildFile; fileRef = F3B568F92389182E00838401 /* Queue.swift */; };
		F3A7BE2123ACAABF005F8758 /* Heap.swift in Sources */ = {isa = PBXBuildFile; fileRef = F3A7BE1923ACA1A5005F8758 /* Heap.swift */; };
		F3B3CA1B23B5E89C00E9BF08 /* Programmers_Level_2_Skill_Tree.swift in Sources */ = {isa = PBXBuildFile; fileRef = F3B3CA1A23B5E89C00E9BF08 /* Programmers_Level_2_Skill_Tree.swift */; };
		F3B3CA2223B9D44000E9BF08 /* Programmers_Level_2_Biggest_Number.swift in Sources */ = {isa = PBXBuildFile; fileRef = F3B3CA2123B9D44000E9BF08 /* Programmers_Level_2_Biggest_Number.swift */; };
		F3B568D82389173800838401 /* main.swift in Sources */ = {isa = PBXBuildFile; fileRef = F3B568D72389173800838401 /* main.swift */; };
		F3B568FA2389182E00838401 /* Queue.swift in Sources */ = {isa = PBXBuildFile; fileRef = F3B568F92389182E00838401 /* Queue.swift */; };
		F3B568FC2389183200838401 /* Stack.swift in Sources */ = {isa = PBXBuildFile; fileRef = F3B568FB2389183200838401 /* Stack.swift */; };
		F3B568FE2389184000838401 /* Node.swift in Sources */ = {isa = PBXBuildFile; fileRef = F3B568FD2389184000838401 /* Node.swift */; };
		F3B5690923891CF000838401 /* QueueTests.swift in Sources */ = {isa = PBXBuildFile; fileRef = F3B5690823891CF000838401 /* QueueTests.swift */; };
		F3B5691223891E1F00838401 /* StackTest.swift in Sources */ = {isa = PBXBuildFile; fileRef = F3B5691123891E1F00838401 /* StackTest.swift */; };
		F3B8F2222390E16A00A89B4A /* Programmers_Level_1_Sort_Desc.swift in Sources */ = {isa = PBXBuildFile; fileRef = F3B8F2212390E16A00A89B4A /* Programmers_Level_1_Sort_Desc.swift */; };
		F3B8F2242390E32800A89B4A /* Programmers_Level_1_Basic_String.swift in Sources */ = {isa = PBXBuildFile; fileRef = F3B8F2232390E32800A89B4A /* Programmers_Level_1_Basic_String.swift */; };
		F3B8F2262390E75100A89B4A /* Programmers_Level_1_Find_Kim.swift in Sources */ = {isa = PBXBuildFile; fileRef = F3B8F2252390E75100A89B4A /* Programmers_Level_1_Find_Kim.swift */; };
		F3B8F2282390EB5100A89B4A /* Programmers_Level_1_Find_Prime.swift in Sources */ = {isa = PBXBuildFile; fileRef = F3B8F2272390EB5100A89B4A /* Programmers_Level_1_Find_Prime.swift */; };
		F3B8F22A2390F81D00A89B4A /* Programmers_Level_1_Subak.swift in Sources */ = {isa = PBXBuildFile; fileRef = F3B8F2292390F81D00A89B4A /* Programmers_Level_1_Subak.swift */; };
		F3C2D00A2394D76C004D2219 /* Programmers_Level_1_String_To_Int.swift in Sources */ = {isa = PBXBuildFile; fileRef = F3C2D0092394D76C004D2219 /* Programmers_Level_1_String_To_Int.swift */; };
		F3C2D00C2394D92A004D2219 /* Programmers_Level_1_Caesar_Ciphe.swift in Sources */ = {isa = PBXBuildFile; fileRef = F3C2D00B2394D92A004D2219 /* Programmers_Level_1_Caesar_Ciphe.swift */; };
		F3C2D00E2394E1CA004D2219 /* Programmers_Level_1_Sum_Of_Factors.swift in Sources */ = {isa = PBXBuildFile; fileRef = F3C2D00D2394E1CA004D2219 /* Programmers_Level_1_Sum_Of_Factors.swift */; };
		F3C392D1239A0EA700C71A77 /* Programmers_Level_1_Odd_Or_Even.swift in Sources */ = {isa = PBXBuildFile; fileRef = F3C392D0239A0EA700C71A77 /* Programmers_Level_1_Odd_Or_Even.swift */; };
		F3C392D3239A125C00C71A77 /* Programmers_Level_1_GCD_LCM.swift in Sources */ = {isa = PBXBuildFile; fileRef = F3C392D2239A125C00C71A77 /* Programmers_Level_1_GCD_LCM.swift */; };
		F3DABEDA2396293200A28935 /* Programmers_Level_1_Make_Strange_String.swift in Sources */ = {isa = PBXBuildFile; fileRef = F3DABED92396293200A28935 /* Programmers_Level_1_Make_Strange_String.swift */; };
		F3DABEDC2396313100A28935 /* Programmers_Level_1_Sum_Of_Digits.swift in Sources */ = {isa = PBXBuildFile; fileRef = F3DABEDB2396313100A28935 /* Programmers_Level_1_Sum_Of_Digits.swift */; };
		F3DABEDE239788CD00A28935 /* Programmers_Level_1_Flip_Natural_Number.swift in Sources */ = {isa = PBXBuildFile; fileRef = F3DABEDD239788CD00A28935 /* Programmers_Level_1_Flip_Natural_Number.swift */; };
		F3DABEE023978B4600A28935 /* Programmers_Level_1_Desc_Natural_Number.swift in Sources */ = {isa = PBXBuildFile; fileRef = F3DABEDF23978B4600A28935 /* Programmers_Level_1_Desc_Natural_Number.swift */; };
		F3DABEE22398ED9400A28935 /* Programmers_Level_1_Square_Distinction.swift in Sources */ = {isa = PBXBuildFile; fileRef = F3DABEE12398ED9400A28935 /* Programmers_Level_1_Square_Distinction.swift */; };
		F3DABEE42399021700A28935 /* Programmers_Level_1_Remove_Lowest_Value.swift in Sources */ = {isa = PBXBuildFile; fileRef = F3DABEE32399021700A28935 /* Programmers_Level_1_Remove_Lowest_Value.swift */; };
/* End PBXBuildFile section */

/* Begin PBXCopyFilesBuildPhase section */
		F3B568D22389173800838401 /* CopyFiles */ = {
			isa = PBXCopyFilesBuildPhase;
			buildActionMask = 2147483647;
			dstPath = /usr/share/man/man1/;
			dstSubfolderSpec = 0;
			files = (
			);
			runOnlyForDeploymentPostprocessing = 1;
		};
/* End PBXCopyFilesBuildPhase section */

/* Begin PBXFileReference section */
		F30D57E923A0E24F00408AA5 /* Programmers_Level_1_Plus_Matrix.swift */ = {isa = PBXFileReference; lastKnownFileType = sourcecode.swift; path = Programmers_Level_1_Plus_Matrix.swift; sourceTree = "<group>"; };
		F30D57EB23A0E48D00408AA5 /* Programmers_Level_1_Distance_List.swift */ = {isa = PBXFileReference; lastKnownFileType = sourcecode.swift; path = Programmers_Level_1_Distance_List.swift; sourceTree = "<group>"; };
		F30D57ED23A2016A00408AA5 /* Programmers_Level_1_Budget.swift */ = {isa = PBXFileReference; lastKnownFileType = sourcecode.swift; path = Programmers_Level_1_Budget.swift; sourceTree = "<group>"; };
		F30D57EF23A361EC00408AA5 /* Programmers_Level_1_Secret_Map.swift */ = {isa = PBXFileReference; lastKnownFileType = sourcecode.swift; path = Programmers_Level_1_Secret_Map.swift; sourceTree = "<group>"; };
		F30D57F123A39BFE00408AA5 /* Programmers_Level_1_Fail_Rate.swift */ = {isa = PBXFileReference; lastKnownFileType = sourcecode.swift; path = Programmers_Level_1_Fail_Rate.swift; sourceTree = "<group>"; };
		F31430D323ACBDFE00C4BF7E /* Programmers_Level_2_Printer.swift */ = {isa = PBXFileReference; lastKnownFileType = sourcecode.swift; path = Programmers_Level_2_Printer.swift; sourceTree = "<group>"; };
		F31FE5F5238D463A00CC7658 /* Programmers_Level_1_Mock_Exam.swift */ = {isa = PBXFileReference; lastKnownFileType = sourcecode.swift; path = Programmers_Level_1_Mock_Exam.swift; sourceTree = "<group>"; };
		F31FE5F7238D544900CC7658 /* Programmers_Level_1_K_Number.swift */ = {isa = PBXFileReference; lastKnownFileType = sourcecode.swift; path = Programmers_Level_1_K_Number.swift; sourceTree = "<group>"; };
		F31FE5F9238D5E6A00CC7658 /* Programmers_Level_1_Gym_Clothes.swift */ = {isa = PBXFileReference; lastKnownFileType = sourcecode.swift; path = Programmers_Level_1_Gym_Clothes.swift; sourceTree = "<group>"; };
		F31FE5FB238E4C1B00CC7658 /* Programmers_Level_1_2016.swift */ = {isa = PBXFileReference; lastKnownFileType = sourcecode.swift; path = Programmers_Level_1_2016.swift; sourceTree = "<group>"; };
		F31FE5FD238F9F5C00CC7658 /* Programmers_Level_1_Center_String.swift */ = {isa = PBXFileReference; lastKnownFileType = sourcecode.swift; path = Programmers_Level_1_Center_String.swift; sourceTree = "<group>"; };
		F31FE5FF238FA3DD00CC7658 /* Programmers_Level_1_Clean_Divide.swift */ = {isa = PBXFileReference; lastKnownFileType = sourcecode.swift; path = Programmers_Level_1_Clean_Divide.swift; sourceTree = "<group>"; };
		F31FE601238FA6C000CC7658 /* Programmers_Level_1_Sum_Of_Two_Integer.swift */ = {isa = PBXFileReference; lastKnownFileType = sourcecode.swift; path = Programmers_Level_1_Sum_Of_Two_Integer.swift; sourceTree = "<group>"; };
		F31FE603238FAA2700CC7658 /* Programmers_Level_1_Sort_String.swift */ = {isa = PBXFileReference; lastKnownFileType = sourcecode.swift; path = Programmers_Level_1_Sort_String.swift; sourceTree = "<group>"; };
		F31FE605238FAF8700CC7658 /* Programmers_Level_1_Count_Of_P_Y.swift */ = {isa = PBXFileReference; lastKnownFileType = sourcecode.swift; path = Programmers_Level_1_Count_Of_P_Y.swift; sourceTree = "<group>"; };
		F33A774524D05E28007866B2 /* HackerRank_Bon_Appetit.swift */ = {isa = PBXFileReference; lastKnownFileType = sourcecode.swift; path = HackerRank_Bon_Appetit.swift; sourceTree = "<group>"; };
		F33A777624D19E65007866B2 /* HackerRank_Sock_Merchant.swift */ = {isa = PBXFileReference; lastKnownFileType = sourcecode.swift; path = HackerRank_Sock_Merchant.swift; sourceTree = "<group>"; };
		F34B5859238964230013E1F5 /* Programmers_Level_1_String_Compression.swift */ = {isa = PBXFileReference; lastKnownFileType = sourcecode.swift; path = Programmers_Level_1_String_Compression.swift; sourceTree = "<group>"; };
		F34CC57024D2F22A00C58EC3 /* HackerRank_Drawing_Book.swift */ = {isa = PBXFileReference; lastKnownFileType = sourcecode.swift; path = HackerRank_Drawing_Book.swift; sourceTree = "<group>"; };
		F358532D23BB2A6A00DACCBF /* Programmers_Level_2_Pass_The_Bridge.swift */ = {isa = PBXFileReference; lastKnownFileType = sourcecode.swift; path = Programmers_Level_2_Pass_The_Bridge.swift; sourceTree = "<group>"; };
		F358EA7723BF8F9200BD6C8B /* Programmers_Level_2_Convert_Parentheses.swift */ = {isa = PBXFileReference; lastKnownFileType = sourcecode.swift; path = Programmers_Level_2_Convert_Parentheses.swift; sourceTree = "<group>"; };
		F379568223ABE6BA001BCF72 /* Programmers_Level_2_Pipe.swift */ = {isa = PBXFileReference; lastKnownFileType = sourcecode.swift; path = Programmers_Level_2_Pipe.swift; sourceTree = "<group>"; };
		F37CA01F23A75ACD00A8990F /* Programmers_Level_1_Dart_Game.swift */ = {isa = PBXFileReference; lastKnownFileType = sourcecode.swift; path = Programmers_Level_1_Dart_Game.swift; sourceTree = "<group>"; };
		F37CA0A223A8749000A8990F /* Programmers_Level_2_Feature.swift */ = {isa = PBXFileReference; lastKnownFileType = sourcecode.swift; path = Programmers_Level_2_Feature.swift; sourceTree = "<group>"; };
		F37CA0A423A88CFA00A8990F /* Programmers_Level_2_Tower.swift */ = {isa = PBXFileReference; lastKnownFileType = sourcecode.swift; path = Programmers_Level_2_Tower.swift; sourceTree = "<group>"; };
		F38B793523C2FFB500CE2111 /* Programmers_Level_2_Joystick.swift */ = {isa = PBXFileReference; lastKnownFileType = sourcecode.swift; path = Programmers_Level_2_Joystick.swift; sourceTree = "<group>"; };
		F38C7D5724DAD8DA001DEBCC /* HackerRank_Cats_And_A_Mouse.swift */ = {isa = PBXFileReference; lastKnownFileType = sourcecode.swift; path = HackerRank_Cats_And_A_Mouse.swift; sourceTree = "<group>"; };
		F38C8BDD24D97F95001FAD04 /* HackerRank_Electronics_Shop.swift */ = {isa = PBXFileReference; lastKnownFileType = sourcecode.swift; path = HackerRank_Electronics_Shop.swift; sourceTree = "<group>"; };
		F391848F24CDA7E9002F9BCF /* HackerRank_Mini_Max_Sum.swift */ = {isa = PBXFileReference; lastKnownFileType = sourcecode.swift; path = HackerRank_Mini_Max_Sum.swift; sourceTree = "<group>"; };
		F391849124CDAB31002F9BCF /* HackerRank_Birthday_Cake_Candles.swift */ = {isa = PBXFileReference; lastKnownFileType = sourcecode.swift; path = HackerRank_Birthday_Cake_Candles.swift; sourceTree = "<group>"; };
		F391849324CDACCB002F9BCF /* HackerRank_Time_Conversion.swift */ = {isa = PBXFileReference; lastKnownFileType = sourcecode.swift; path = HackerRank_Time_Conversion.swift; sourceTree = "<group>"; };
		F391849624CDAE2B002F9BCF /* HackerRank_Grading_Students.swift */ = {isa = PBXFileReference; lastKnownFileType = sourcecode.swift; path = HackerRank_Grading_Students.swift; sourceTree = "<group>"; };
		F391849824CDBD9A002F9BCF /* HackerRank_Apple_And_Orange.swift */ = {isa = PBXFileReference; lastKnownFileType = sourcecode.swift; path = HackerRank_Apple_And_Orange.swift; sourceTree = "<group>"; };
		F391849A24CDC138002F9BCF /* HackerRank_Kangaroo.swift */ = {isa = PBXFileReference; lastKnownFileType = sourcecode.swift; path = HackerRank_Kangaroo.swift; sourceTree = "<group>"; };
		F391849C24CF0163002F9BCF /* HackerRank_Migratory_Birds.swift */ = {isa = PBXFileReference; lastKnownFileType = sourcecode.swift; path = HackerRank_Migratory_Birds.swift; sourceTree = "<group>"; };
		F391849E24CF0480002F9BCF /* HackerRank_Divisible_Sum_Pairs.swift */ = {isa = PBXFileReference; lastKnownFileType = sourcecode.swift; path = HackerRank_Divisible_Sum_Pairs.swift; sourceTree = "<group>"; };
		F39184A024CF0AD9002F9BCF /* HackerRank_Birthday_Chocolate.swift */ = {isa = PBXFileReference; lastKnownFileType = sourcecode.swift; path = HackerRank_Birthday_Chocolate.swift; sourceTree = "<group>"; };
		F39184A224CF0D79002F9BCF /* HackerRank_Breaking_The_Records.swift */ = {isa = PBXFileReference; lastKnownFileType = sourcecode.swift; path = HackerRank_Breaking_The_Records.swift; sourceTree = "<group>"; };
		F3921CC123ADC3730050533A /* Measure.swift */ = {isa = PBXFileReference; lastKnownFileType = sourcecode.swift; path = Measure.swift; sourceTree = "<group>"; };
		F39223D724C9C6C300666249 /* HackerRank_Compare_The_Triplets .swift */ = {isa = PBXFileReference; lastKnownFileType = sourcecode.swift; path = "HackerRank_Compare_The_Triplets .swift"; sourceTree = "<group>"; };
		F39223D924C9C9AD00666249 /* HackerRank_A_Very_Big_Sum.swift */ = {isa = PBXFileReference; lastKnownFileType = sourcecode.swift; path = HackerRank_A_Very_Big_Sum.swift; sourceTree = "<group>"; };
		F39223DB24C9CB2100666249 /* HackerRank_Diagonal_Difference .swift */ = {isa = PBXFileReference; lastKnownFileType = sourcecode.swift; path = "HackerRank_Diagonal_Difference .swift"; sourceTree = "<group>"; };
		F39223DD24C9D01B00666249 /* HackerRank_Plus_Minus .swift */ = {isa = PBXFileReference; lastKnownFileType = sourcecode.swift; path = "HackerRank_Plus_Minus .swift"; sourceTree = "<group>"; };
		F3A6DAED239E52D300E91B3B /* Programmers_Level_1_Collatz_Conjecture.swift */ = {isa = PBXFileReference; lastKnownFileType = sourcecode.swift; path = Programmers_Level_1_Collatz_Conjecture.swift; sourceTree = "<group>"; };
		F3A6DAEF239E54BA00E91B3B /* Programmers_Level_1_Average.swift */ = {isa = PBXFileReference; lastKnownFileType = sourcecode.swift; path = Programmers_Level_1_Average.swift; sourceTree = "<group>"; };
		F3A6DAF3239F6CBF00E91B3B /* Programmers_Level_1_Harshad.swift */ = {isa = PBXFileReference; lastKnownFileType = sourcecode.swift; path = Programmers_Level_1_Harshad.swift; sourceTree = "<group>"; };
		F3A6DAF5239F6DE000E91B3B /* Programmers_Level_1_Hide_Phone_Number.swift */ = {isa = PBXFileReference; lastKnownFileType = sourcecode.swift; path = Programmers_Level_1_Hide_Phone_Number.swift; sourceTree = "<group>"; };
		F3A7BE1923ACA1A5005F8758 /* Heap.swift */ = {isa = PBXFileReference; lastKnownFileType = sourcecode.swift; path = Heap.swift; sourceTree = "<group>"; };
		F3A7BE1B23ACA75A005F8758 /* HeapTest.swift */ = {isa = PBXFileReference; lastKnownFileType = sourcecode.swift; path = HeapTest.swift; sourceTree = "<group>"; };
		F3B3CA1A23B5E89C00E9BF08 /* Programmers_Level_2_Skill_Tree.swift */ = {isa = PBXFileReference; lastKnownFileType = sourcecode.swift; path = Programmers_Level_2_Skill_Tree.swift; sourceTree = "<group>"; };
		F3B3CA2123B9D44000E9BF08 /* Programmers_Level_2_Biggest_Number.swift */ = {isa = PBXFileReference; lastKnownFileType = sourcecode.swift; path = Programmers_Level_2_Biggest_Number.swift; sourceTree = "<group>"; };
		F3B568D42389173800838401 /* Algorithm */ = {isa = PBXFileReference; explicitFileType = "compiled.mach-o.executable"; includeInIndex = 0; path = Algorithm; sourceTree = BUILT_PRODUCTS_DIR; };
		F3B568D72389173800838401 /* main.swift */ = {isa = PBXFileReference; lastKnownFileType = sourcecode.swift; path = main.swift; sourceTree = "<group>"; };
		F3B568F92389182E00838401 /* Queue.swift */ = {isa = PBXFileReference; lastKnownFileType = sourcecode.swift; path = Queue.swift; sourceTree = "<group>"; };
		F3B568FB2389183200838401 /* Stack.swift */ = {isa = PBXFileReference; lastKnownFileType = sourcecode.swift; path = Stack.swift; sourceTree = "<group>"; };
		F3B568FD2389184000838401 /* Node.swift */ = {isa = PBXFileReference; lastKnownFileType = sourcecode.swift; path = Node.swift; sourceTree = "<group>"; };
		F3B5690623891CF000838401 /* AlgorithmTests.xctest */ = {isa = PBXFileReference; explicitFileType = wrapper.cfbundle; includeInIndex = 0; path = AlgorithmTests.xctest; sourceTree = BUILT_PRODUCTS_DIR; };
		F3B5690823891CF000838401 /* QueueTests.swift */ = {isa = PBXFileReference; lastKnownFileType = sourcecode.swift; path = QueueTests.swift; sourceTree = "<group>"; };
		F3B5690A23891CF000838401 /* Info.plist */ = {isa = PBXFileReference; lastKnownFileType = text.plist.xml; path = Info.plist; sourceTree = "<group>"; };
		F3B5691123891E1F00838401 /* StackTest.swift */ = {isa = PBXFileReference; lastKnownFileType = sourcecode.swift; path = StackTest.swift; sourceTree = "<group>"; };
		F3B8F2212390E16A00A89B4A /* Programmers_Level_1_Sort_Desc.swift */ = {isa = PBXFileReference; lastKnownFileType = sourcecode.swift; path = Programmers_Level_1_Sort_Desc.swift; sourceTree = "<group>"; };
		F3B8F2232390E32800A89B4A /* Programmers_Level_1_Basic_String.swift */ = {isa = PBXFileReference; lastKnownFileType = sourcecode.swift; path = Programmers_Level_1_Basic_String.swift; sourceTree = "<group>"; };
		F3B8F2252390E75100A89B4A /* Programmers_Level_1_Find_Kim.swift */ = {isa = PBXFileReference; lastKnownFileType = sourcecode.swift; path = Programmers_Level_1_Find_Kim.swift; sourceTree = "<group>"; };
		F3B8F2272390EB5100A89B4A /* Programmers_Level_1_Find_Prime.swift */ = {isa = PBXFileReference; lastKnownFileType = sourcecode.swift; path = Programmers_Level_1_Find_Prime.swift; sourceTree = "<group>"; };
		F3B8F2292390F81D00A89B4A /* Programmers_Level_1_Subak.swift */ = {isa = PBXFileReference; lastKnownFileType = sourcecode.swift; path = Programmers_Level_1_Subak.swift; sourceTree = "<group>"; };
		F3C2D0092394D76C004D2219 /* Programmers_Level_1_String_To_Int.swift */ = {isa = PBXFileReference; lastKnownFileType = sourcecode.swift; path = Programmers_Level_1_String_To_Int.swift; sourceTree = "<group>"; };
		F3C2D00B2394D92A004D2219 /* Programmers_Level_1_Caesar_Ciphe.swift */ = {isa = PBXFileReference; lastKnownFileType = sourcecode.swift; path = Programmers_Level_1_Caesar_Ciphe.swift; sourceTree = "<group>"; };
		F3C2D00D2394E1CA004D2219 /* Programmers_Level_1_Sum_Of_Factors.swift */ = {isa = PBXFileReference; lastKnownFileType = sourcecode.swift; path = Programmers_Level_1_Sum_Of_Factors.swift; sourceTree = "<group>"; };
		F3C392D0239A0EA700C71A77 /* Programmers_Level_1_Odd_Or_Even.swift */ = {isa = PBXFileReference; lastKnownFileType = sourcecode.swift; path = Programmers_Level_1_Odd_Or_Even.swift; sourceTree = "<group>"; };
		F3C392D2239A125C00C71A77 /* Programmers_Level_1_GCD_LCM.swift */ = {isa = PBXFileReference; lastKnownFileType = sourcecode.swift; path = Programmers_Level_1_GCD_LCM.swift; sourceTree = "<group>"; };
		F3DABED92396293200A28935 /* Programmers_Level_1_Make_Strange_String.swift */ = {isa = PBXFileReference; lastKnownFileType = sourcecode.swift; path = Programmers_Level_1_Make_Strange_String.swift; sourceTree = "<group>"; };
		F3DABEDB2396313100A28935 /* Programmers_Level_1_Sum_Of_Digits.swift */ = {isa = PBXFileReference; lastKnownFileType = sourcecode.swift; path = Programmers_Level_1_Sum_Of_Digits.swift; sourceTree = "<group>"; };
		F3DABEDD239788CD00A28935 /* Programmers_Level_1_Flip_Natural_Number.swift */ = {isa = PBXFileReference; lastKnownFileType = sourcecode.swift; path = Programmers_Level_1_Flip_Natural_Number.swift; sourceTree = "<group>"; };
		F3DABEDF23978B4600A28935 /* Programmers_Level_1_Desc_Natural_Number.swift */ = {isa = PBXFileReference; lastKnownFileType = sourcecode.swift; path = Programmers_Level_1_Desc_Natural_Number.swift; sourceTree = "<group>"; };
		F3DABEE12398ED9400A28935 /* Programmers_Level_1_Square_Distinction.swift */ = {isa = PBXFileReference; lastKnownFileType = sourcecode.swift; path = Programmers_Level_1_Square_Distinction.swift; sourceTree = "<group>"; };
		F3DABEE32399021700A28935 /* Programmers_Level_1_Remove_Lowest_Value.swift */ = {isa = PBXFileReference; lastKnownFileType = sourcecode.swift; path = Programmers_Level_1_Remove_Lowest_Value.swift; sourceTree = "<group>"; };
/* End PBXFileReference section */

/* Begin PBXFrameworksBuildPhase section */
		F3B568D12389173800838401 /* Frameworks */ = {
			isa = PBXFrameworksBuildPhase;
			buildActionMask = 2147483647;
			files = (
				F34B58572389588F0013E1F5 /* JSTester in Frameworks */,
			);
			runOnlyForDeploymentPostprocessing = 0;
		};
		F3B5690323891CF000838401 /* Frameworks */ = {
			isa = PBXFrameworksBuildPhase;
			buildActionMask = 2147483647;
			files = (
			);
			runOnlyForDeploymentPostprocessing = 0;
		};
/* End PBXFrameworksBuildPhase section */

/* Begin PBXGroup section */
		F34B5846238954120013E1F5 /* Frameworks */ = {
			isa = PBXGroup;
			children = (
			);
			name = Frameworks;
			sourceTree = "<group>";
		};
		F34B5858238964080013E1F5 /* Problem */ = {
			isa = PBXGroup;
			children = (
				F37CA09F23A8734900A8990F /* Programmers */,
				F39223D524C9C64C00666249 /* HackerRank */,
			);
			path = Problem;
			sourceTree = "<group>";
		};
		F37CA09F23A8734900A8990F /* Programmers */ = {
			isa = PBXGroup;
			children = (
				F37CA0A123A8735C00A8990F /* Level2 */,
				F37CA0A023A8734F00A8990F /* Level1 */,
			);
			path = Programmers;
			sourceTree = "<group>";
		};
		F37CA0A023A8734F00A8990F /* Level1 */ = {
			isa = PBXGroup;
			children = (
				F34B5859238964230013E1F5 /* Programmers_Level_1_String_Compression.swift */,
				F31FE5F5238D463A00CC7658 /* Programmers_Level_1_Mock_Exam.swift */,
				F31FE5F7238D544900CC7658 /* Programmers_Level_1_K_Number.swift */,
				F31FE5F9238D5E6A00CC7658 /* Programmers_Level_1_Gym_Clothes.swift */,
				F31FE5FB238E4C1B00CC7658 /* Programmers_Level_1_2016.swift */,
				F31FE5FD238F9F5C00CC7658 /* Programmers_Level_1_Center_String.swift */,
				F31FE5FF238FA3DD00CC7658 /* Programmers_Level_1_Clean_Divide.swift */,
				F31FE601238FA6C000CC7658 /* Programmers_Level_1_Sum_Of_Two_Integer.swift */,
				F31FE603238FAA2700CC7658 /* Programmers_Level_1_Sort_String.swift */,
				F31FE605238FAF8700CC7658 /* Programmers_Level_1_Count_Of_P_Y.swift */,
				F3B8F2212390E16A00A89B4A /* Programmers_Level_1_Sort_Desc.swift */,
				F3B8F2232390E32800A89B4A /* Programmers_Level_1_Basic_String.swift */,
				F3B8F2252390E75100A89B4A /* Programmers_Level_1_Find_Kim.swift */,
				F3B8F2272390EB5100A89B4A /* Programmers_Level_1_Find_Prime.swift */,
				F3B8F2292390F81D00A89B4A /* Programmers_Level_1_Subak.swift */,
				F3C2D0092394D76C004D2219 /* Programmers_Level_1_String_To_Int.swift */,
				F3C2D00B2394D92A004D2219 /* Programmers_Level_1_Caesar_Ciphe.swift */,
				F3C2D00D2394E1CA004D2219 /* Programmers_Level_1_Sum_Of_Factors.swift */,
				F3DABED92396293200A28935 /* Programmers_Level_1_Make_Strange_String.swift */,
				F3DABEDB2396313100A28935 /* Programmers_Level_1_Sum_Of_Digits.swift */,
				F3DABEDD239788CD00A28935 /* Programmers_Level_1_Flip_Natural_Number.swift */,
				F3DABEDF23978B4600A28935 /* Programmers_Level_1_Desc_Natural_Number.swift */,
				F3DABEE12398ED9400A28935 /* Programmers_Level_1_Square_Distinction.swift */,
				F3DABEE32399021700A28935 /* Programmers_Level_1_Remove_Lowest_Value.swift */,
				F3C392D0239A0EA700C71A77 /* Programmers_Level_1_Odd_Or_Even.swift */,
				F3C392D2239A125C00C71A77 /* Programmers_Level_1_GCD_LCM.swift */,
				F3A6DAED239E52D300E91B3B /* Programmers_Level_1_Collatz_Conjecture.swift */,
				F3A6DAEF239E54BA00E91B3B /* Programmers_Level_1_Average.swift */,
				F3A6DAF3239F6CBF00E91B3B /* Programmers_Level_1_Harshad.swift */,
				F3A6DAF5239F6DE000E91B3B /* Programmers_Level_1_Hide_Phone_Number.swift */,
				F30D57E923A0E24F00408AA5 /* Programmers_Level_1_Plus_Matrix.swift */,
				F30D57EB23A0E48D00408AA5 /* Programmers_Level_1_Distance_List.swift */,
				F30D57ED23A2016A00408AA5 /* Programmers_Level_1_Budget.swift */,
				F30D57EF23A361EC00408AA5 /* Programmers_Level_1_Secret_Map.swift */,
				F30D57F123A39BFE00408AA5 /* Programmers_Level_1_Fail_Rate.swift */,
				F37CA01F23A75ACD00A8990F /* Programmers_Level_1_Dart_Game.swift */,
			);
			path = Level1;
			sourceTree = "<group>";
		};
		F37CA0A123A8735C00A8990F /* Level2 */ = {
			isa = PBXGroup;
			children = (
				F37CA0A223A8749000A8990F /* Programmers_Level_2_Feature.swift */,
				F37CA0A423A88CFA00A8990F /* Programmers_Level_2_Tower.swift */,
				F379568223ABE6BA001BCF72 /* Programmers_Level_2_Pipe.swift */,
				F31430D323ACBDFE00C4BF7E /* Programmers_Level_2_Printer.swift */,
				F3B3CA1A23B5E89C00E9BF08 /* Programmers_Level_2_Skill_Tree.swift */,
				F3B3CA2123B9D44000E9BF08 /* Programmers_Level_2_Biggest_Number.swift */,
				F358532D23BB2A6A00DACCBF /* Programmers_Level_2_Pass_The_Bridge.swift */,
				F358EA7723BF8F9200BD6C8B /* Programmers_Level_2_Convert_Parentheses.swift */,
				F38B793523C2FFB500CE2111 /* Programmers_Level_2_Joystick.swift */,
			);
			path = Level2;
			sourceTree = "<group>";
		};
		F391849524CDAE10002F9BCF /* Easy */ = {
			isa = PBXGroup;
			children = (
				F391849624CDAE2B002F9BCF /* HackerRank_Grading_Students.swift */,
				F391849824CDBD9A002F9BCF /* HackerRank_Apple_And_Orange.swift */,
				F391849A24CDC138002F9BCF /* HackerRank_Kangaroo.swift */,
				F39223DD24C9D01B00666249 /* HackerRank_Plus_Minus .swift */,
				F39184A224CF0D79002F9BCF /* HackerRank_Breaking_The_Records.swift */,
				F39184A024CF0AD9002F9BCF /* HackerRank_Birthday_Chocolate.swift */,
				F391849E24CF0480002F9BCF /* HackerRank_Divisible_Sum_Pairs.swift */,
				F391849C24CF0163002F9BCF /* HackerRank_Migratory_Birds.swift */,
				F33A774524D05E28007866B2 /* HackerRank_Bon_Appetit.swift */,
				F33A777624D19E65007866B2 /* HackerRank_Sock_Merchant.swift */,
				F34CC57024D2F22A00C58EC3 /* HackerRank_Drawing_Book.swift */,
				F38C8BDD24D97F95001FAD04 /* HackerRank_Electronics_Shop.swift */,
				F38C7D5724DAD8DA001DEBCC /* HackerRank_Cats_And_A_Mouse.swift */,
			);
			path = Easy;
			sourceTree = "<group>";
		};
		F39223D524C9C64C00666249 /* HackerRank */ = {
			isa = PBXGroup;
			children = (
				F39223D624C9C69200666249 /* Warmup */,
				F391849524CDAE10002F9BCF /* Easy */,
			);
			path = HackerRank;
			sourceTree = "<group>";
		};
		F39223D624C9C69200666249 /* Warmup */ = {
			isa = PBXGroup;
			children = (
				F39223D724C9C6C300666249 /* HackerRank_Compare_The_Triplets .swift */,
				F39223D924C9C9AD00666249 /* HackerRank_A_Very_Big_Sum.swift */,
				F39223DB24C9CB2100666249 /* HackerRank_Diagonal_Difference .swift */,
				F391848F24CDA7E9002F9BCF /* HackerRank_Mini_Max_Sum.swift */,
				F391849124CDAB31002F9BCF /* HackerRank_Birthday_Cake_Candles.swift */,
				F391849324CDACCB002F9BCF /* HackerRank_Time_Conversion.swift */,
			);
			path = Warmup;
			sourceTree = "<group>";
		};
		F3B568CB2389173800838401 = {
			isa = PBXGroup;
			children = (
				F3B568D62389173800838401 /* Algorithm */,
				F3B5690723891CF000838401 /* AlgorithmTests */,
				F3B568D52389173800838401 /* Products */,
				F34B5846238954120013E1F5 /* Frameworks */,
			);
			sourceTree = "<group>";
		};
		F3B568D52389173800838401 /* Products */ = {
			isa = PBXGroup;
			children = (
				F3B568D42389173800838401 /* Algorithm */,
				F3B5690623891CF000838401 /* AlgorithmTests.xctest */,
			);
			name = Products;
			sourceTree = "<group>";
		};
		F3B568D62389173800838401 /* Algorithm */ = {
			isa = PBXGroup;
			children = (
				F3B568DF2389176C00838401 /* Sources */,
			);
			path = Algorithm;
			sourceTree = "<group>";
		};
		F3B568DE2389175F00838401 /* Library */ = {
			isa = PBXGroup;
			children = (
				F3B568FD2389184000838401 /* Node.swift */,
				F3B568FB2389183200838401 /* Stack.swift */,
				F3B568F92389182E00838401 /* Queue.swift */,
				F3A7BE1923ACA1A5005F8758 /* Heap.swift */,
				F3921CC123ADC3730050533A /* Measure.swift */,
			);
			path = Library;
			sourceTree = "<group>";
		};
		F3B568DF2389176C00838401 /* Sources */ = {
			isa = PBXGroup;
			children = (
				F3B568E02389177700838401 /* App */,
				F34B5858238964080013E1F5 /* Problem */,
				F3B568DE2389175F00838401 /* Library */,
			);
			path = Sources;
			sourceTree = "<group>";
		};
		F3B568E02389177700838401 /* App */ = {
			isa = PBXGroup;
			children = (
				F3B568D72389173800838401 /* main.swift */,
			);
			path = App;
			sourceTree = "<group>";
		};
		F3B5690723891CF000838401 /* AlgorithmTests */ = {
			isa = PBXGroup;
			children = (
				F3A7BE1B23ACA75A005F8758 /* HeapTest.swift */,
				F3B5691123891E1F00838401 /* StackTest.swift */,
				F3B5690823891CF000838401 /* QueueTests.swift */,
				F3B5690A23891CF000838401 /* Info.plist */,
			);
			path = AlgorithmTests;
			sourceTree = "<group>";
		};
/* End PBXGroup section */

/* Begin PBXNativeTarget section */
		F3B568D32389173800838401 /* Algorithm */ = {
			isa = PBXNativeTarget;
			buildConfigurationList = F3B568DB2389173800838401 /* Build configuration list for PBXNativeTarget "Algorithm" */;
			buildPhases = (
				F3B568D02389173800838401 /* Sources */,
				F3B568D12389173800838401 /* Frameworks */,
				F3B568D22389173800838401 /* CopyFiles */,
			);
			buildRules = (
			);
			dependencies = (
			);
			name = Algorithm;
			packageProductDependencies = (
				F34B58562389588F0013E1F5 /* JSTester */,
			);
			productName = Algorithm;
			productReference = F3B568D42389173800838401 /* Algorithm */;
			productType = "com.apple.product-type.tool";
		};
		F3B5690523891CF000838401 /* AlgorithmTests */ = {
			isa = PBXNativeTarget;
			buildConfigurationList = F3B5690B23891CF000838401 /* Build configuration list for PBXNativeTarget "AlgorithmTests" */;
			buildPhases = (
				F3B5690223891CF000838401 /* Sources */,
				F3B5690323891CF000838401 /* Frameworks */,
				F3B5690423891CF000838401 /* Resources */,
			);
			buildRules = (
			);
			dependencies = (
			);
			name = AlgorithmTests;
			productName = AlgorithmTests;
			productReference = F3B5690623891CF000838401 /* AlgorithmTests.xctest */;
			productType = "com.apple.product-type.bundle.unit-test";
		};
/* End PBXNativeTarget section */

/* Begin PBXProject section */
		F3B568CC2389173800838401 /* Project object */ = {
			isa = PBXProject;
			attributes = {
				LastSwiftUpdateCheck = 1120;
				LastUpgradeCheck = 1120;
				ORGANIZATIONNAME = JSilver;
				TargetAttributes = {
					F3B568D32389173800838401 = {
						CreatedOnToolsVersion = 11.2.1;
					};
					F3B5690523891CF000838401 = {
						CreatedOnToolsVersion = 11.2.1;
					};
				};
			};
			buildConfigurationList = F3B568CF2389173800838401 /* Build configuration list for PBXProject "Algorithm" */;
			compatibilityVersion = "Xcode 9.3";
			developmentRegion = en;
			hasScannedForEncodings = 0;
			knownRegions = (
				en,
				Base,
			);
			mainGroup = F3B568CB2389173800838401;
			packageReferences = (
				F34B58552389588F0013E1F5 /* XCRemoteSwiftPackageReference "JSTester" */,
			);
			productRefGroup = F3B568D52389173800838401 /* Products */;
			projectDirPath = "";
			projectRoot = "";
			targets = (
				F3B568D32389173800838401 /* Algorithm */,
				F3B5690523891CF000838401 /* AlgorithmTests */,
			);
		};
/* End PBXProject section */

/* Begin PBXResourcesBuildPhase section */
		F3B5690423891CF000838401 /* Resources */ = {
			isa = PBXResourcesBuildPhase;
			buildActionMask = 2147483647;
			files = (
			);
			runOnlyForDeploymentPostprocessing = 0;
		};
/* End PBXResourcesBuildPhase section */

/* Begin PBXSourcesBuildPhase section */
		F3B568D02389173800838401 /* Sources */ = {
			isa = PBXSourcesBuildPhase;
			buildActionMask = 2147483647;
			files = (
				F31FE5FE238F9F5C00CC7658 /* Programmers_Level_1_Center_String.swift in Sources */,
				F31FE5F8238D544900CC7658 /* Programmers_Level_1_K_Number.swift in Sources */,
				F3DABEE22398ED9400A28935 /* Programmers_Level_1_Square_Distinction.swift in Sources */,
				F3B568D82389173800838401 /* main.swift in Sources */,
				F39223DC24C9CB2100666249 /* HackerRank_Diagonal_Difference .swift in Sources */,
				F37CA0A323A8749000A8990F /* Programmers_Level_2_Feature.swift in Sources */,
				F3A6DAF0239E54BA00E91B3B /* Programmers_Level_1_Average.swift in Sources */,
				F3B3CA1B23B5E89C00E9BF08 /* Programmers_Level_2_Skill_Tree.swift in Sources */,
				F38C8BDE24D97F95001FAD04 /* HackerRank_Electronics_Shop.swift in Sources */,
				F34B585A238964230013E1F5 /* Programmers_Level_1_String_Compression.swift in Sources */,
				F391849F24CF0480002F9BCF /* HackerRank_Divisible_Sum_Pairs.swift in Sources */,
				F379568323ABE6BA001BCF72 /* Programmers_Level_2_Pipe.swift in Sources */,
				F3C2D00C2394D92A004D2219 /* Programmers_Level_1_Caesar_Ciphe.swift in Sources */,
				F37CA02023A75ACD00A8990F /* Programmers_Level_1_Dart_Game.swift in Sources */,
				F391849B24CDC138002F9BCF /* HackerRank_Kangaroo.swift in Sources */,
				F358532E23BB2A6A00DACCBF /* Programmers_Level_2_Pass_The_Bridge.swift in Sources */,
				F3A6DAF4239F6CBF00E91B3B /* Programmers_Level_1_Harshad.swift in Sources */,
				F39223D824C9C6C300666249 /* HackerRank_Compare_The_Triplets .swift in Sources */,
				F3B568FC2389183200838401 /* Stack.swift in Sources */,
				F3DABEE023978B4600A28935 /* Programmers_Level_1_Desc_Natural_Number.swift in Sources */,
				F31430D423ACBDFE00C4BF7E /* Programmers_Level_2_Printer.swift in Sources */,
				F31FE5FC238E4C1B00CC7658 /* Programmers_Level_1_2016.swift in Sources */,
				F3DABEDA2396293200A28935 /* Programmers_Level_1_Make_Strange_String.swift in Sources */,
				F30D57F223A39BFE00408AA5 /* Programmers_Level_1_Fail_Rate.swift in Sources */,
				F39184A124CF0AD9002F9BCF /* HackerRank_Birthday_Chocolate.swift in Sources */,
				F31FE604238FAA2700CC7658 /* Programmers_Level_1_Sort_String.swift in Sources */,
				F33A774624D05E28007866B2 /* HackerRank_Bon_Appetit.swift in Sources */,
				F391849424CDACCB002F9BCF /* HackerRank_Time_Conversion.swift in Sources */,
				F34CC57124D2F22A00C58EC3 /* HackerRank_Drawing_Book.swift in Sources */,
				F31FE5F6238D463A00CC7658 /* Programmers_Level_1_Mock_Exam.swift in Sources */,
				F391849924CDBD9A002F9BCF /* HackerRank_Apple_And_Orange.swift in Sources */,
				F3C392D3239A125C00C71A77 /* Programmers_Level_1_GCD_LCM.swift in Sources */,
				F31FE606238FAF8700CC7658 /* Programmers_Level_1_Count_Of_P_Y.swift in Sources */,
				F358EA7823BF8F9200BD6C8B /* Programmers_Level_2_Convert_Parentheses.swift in Sources */,
				F39184A324CF0D79002F9BCF /* HackerRank_Breaking_The_Records.swift in Sources */,
				F3B3CA2223B9D44000E9BF08 /* Programmers_Level_2_Biggest_Number.swift in Sources */,
				F3C2D00E2394E1CA004D2219 /* Programmers_Level_1_Sum_Of_Factors.swift in Sources */,
				F3B8F2262390E75100A89B4A /* Programmers_Level_1_Find_Kim.swift in Sources */,
				F31FE5FA238D5E6A00CC7658 /* Programmers_Level_1_Gym_Clothes.swift in Sources */,
				F3B568FA2389182E00838401 /* Queue.swift in Sources */,
				F391849724CDAE2B002F9BCF /* HackerRank_Grading_Students.swift in Sources */,
				F391849024CDA7E9002F9BCF /* HackerRank_Mini_Max_Sum.swift in Sources */,
				F3C392D1239A0EA700C71A77 /* Programmers_Level_1_Odd_Or_Even.swift in Sources */,
				F3DABEDC2396313100A28935 /* Programmers_Level_1_Sum_Of_Digits.swift in Sources */,
				F38B793623C2FFB500CE2111 /* Programmers_Level_2_Joystick.swift in Sources */,
				F31FE600238FA3DD00CC7658 /* Programmers_Level_1_Clean_Divide.swift in Sources */,
				F39223DA24C9C9AD00666249 /* HackerRank_A_Very_Big_Sum.swift in Sources */,
				F3A6DAEE239E52D300E91B3B /* Programmers_Level_1_Collatz_Conjecture.swift in Sources */,
				F391849D24CF0163002F9BCF /* HackerRank_Migratory_Birds.swift in Sources */,
				F3B8F22A2390F81D00A89B4A /* Programmers_Level_1_Subak.swift in Sources */,
				F3DABEDE239788CD00A28935 /* Programmers_Level_1_Flip_Natural_Number.swift in Sources */,
				F3A6DAF6239F6DE000E91B3B /* Programmers_Level_1_Hide_Phone_Number.swift in Sources */,
				F3B8F2282390EB5100A89B4A /* Programmers_Level_1_Find_Prime.swift in Sources */,
				F3B568FE2389184000838401 /* Node.swift in Sources */,
				F3B8F2222390E16A00A89B4A /* Programmers_Level_1_Sort_Desc.swift in Sources */,
				F391849224CDAB31002F9BCF /* HackerRank_Birthday_Cake_Candles.swift in Sources */,
				F30D57EA23A0E24F00408AA5 /* Programmers_Level_1_Plus_Matrix.swift in Sources */,
				F3DABEE42399021700A28935 /* Programmers_Level_1_Remove_Lowest_Value.swift in Sources */,
				F37CA0A523A88CFB00A8990F /* Programmers_Level_2_Tower.swift in Sources */,
				F3B8F2242390E32800A89B4A /* Programmers_Level_1_Basic_String.swift in Sources */,
				F38C7D5824DAD8DA001DEBCC /* HackerRank_Cats_And_A_Mouse.swift in Sources */,
				F39223DE24C9D01B00666249 /* HackerRank_Plus_Minus .swift in Sources */,
				F30D57EE23A2016A00408AA5 /* Programmers_Level_1_Budget.swift in Sources */,
				F30D57EC23A0E48D00408AA5 /* Programmers_Level_1_Distance_List.swift in Sources */,
				F30D57F023A361EC00408AA5 /* Programmers_Level_1_Secret_Map.swift in Sources */,
				F3C2D00A2394D76C004D2219 /* Programmers_Level_1_String_To_Int.swift in Sources */,
				F31FE602238FA6C000CC7658 /* Programmers_Level_1_Sum_Of_Two_Integer.swift in Sources */,
				F3921CC223ADC3730050533A /* Measure.swift in Sources */,
				F33A777724D19E65007866B2 /* HackerRank_Sock_Merchant.swift in Sources */,
				F3A7BE1A23ACA1A5005F8758 /* Heap.swift in Sources */,
			);
			runOnlyForDeploymentPostprocessing = 0;
		};
		F3B5690223891CF000838401 /* Sources */ = {
			isa = PBXSourcesBuildPhase;
			buildActionMask = 2147483647;
			files = (
				F3A7BE1E23ACAABF005F8758 /* Node.swift in Sources */,
				F3A7BE1F23ACAABF005F8758 /* Stack.swift in Sources */,
				F3A7BE2023ACAABF005F8758 /* Queue.swift in Sources */,
				F3A7BE2123ACAABF005F8758 /* Heap.swift in Sources */,
				F3B5690923891CF000838401 /* QueueTests.swift in Sources */,
				F3A7BE1C23ACA75A005F8758 /* HeapTest.swift in Sources */,
				F3B5691223891E1F00838401 /* StackTest.swift in Sources */,
			);
			runOnlyForDeploymentPostprocessing = 0;
		};
/* End PBXSourcesBuildPhase section */

/* Begin XCBuildConfiguration section */
		F3B568D92389173800838401 /* Debug */ = {
			isa = XCBuildConfiguration;
			buildSettings = {
				ALWAYS_SEARCH_USER_PATHS = NO;
				CLANG_ANALYZER_NONNULL = YES;
				CLANG_ANALYZER_NUMBER_OBJECT_CONVERSION = YES_AGGRESSIVE;
				CLANG_CXX_LANGUAGE_STANDARD = "gnu++14";
				CLANG_CXX_LIBRARY = "libc++";
				CLANG_ENABLE_MODULES = YES;
				CLANG_ENABLE_OBJC_ARC = YES;
				CLANG_ENABLE_OBJC_WEAK = YES;
				CLANG_WARN_BLOCK_CAPTURE_AUTORELEASING = YES;
				CLANG_WARN_BOOL_CONVERSION = YES;
				CLANG_WARN_COMMA = YES;
				CLANG_WARN_CONSTANT_CONVERSION = YES;
				CLANG_WARN_DEPRECATED_OBJC_IMPLEMENTATIONS = YES;
				CLANG_WARN_DIRECT_OBJC_ISA_USAGE = YES_ERROR;
				CLANG_WARN_DOCUMENTATION_COMMENTS = YES;
				CLANG_WARN_EMPTY_BODY = YES;
				CLANG_WARN_ENUM_CONVERSION = YES;
				CLANG_WARN_INFINITE_RECURSION = YES;
				CLANG_WARN_INT_CONVERSION = YES;
				CLANG_WARN_NON_LITERAL_NULL_CONVERSION = YES;
				CLANG_WARN_OBJC_IMPLICIT_RETAIN_SELF = YES;
				CLANG_WARN_OBJC_LITERAL_CONVERSION = YES;
				CLANG_WARN_OBJC_ROOT_CLASS = YES_ERROR;
				CLANG_WARN_RANGE_LOOP_ANALYSIS = YES;
				CLANG_WARN_STRICT_PROTOTYPES = YES;
				CLANG_WARN_SUSPICIOUS_MOVE = YES;
				CLANG_WARN_UNGUARDED_AVAILABILITY = YES_AGGRESSIVE;
				CLANG_WARN_UNREACHABLE_CODE = YES;
				CLANG_WARN__DUPLICATE_METHOD_MATCH = YES;
				COPY_PHASE_STRIP = NO;
				DEBUG_INFORMATION_FORMAT = dwarf;
				ENABLE_STRICT_OBJC_MSGSEND = YES;
				ENABLE_TESTABILITY = YES;
				GCC_C_LANGUAGE_STANDARD = gnu11;
				GCC_DYNAMIC_NO_PIC = NO;
				GCC_NO_COMMON_BLOCKS = YES;
				GCC_OPTIMIZATION_LEVEL = 0;
				GCC_PREPROCESSOR_DEFINITIONS = (
					"DEBUG=1",
					"$(inherited)",
				);
				GCC_WARN_64_TO_32_BIT_CONVERSION = YES;
				GCC_WARN_ABOUT_RETURN_TYPE = YES_ERROR;
				GCC_WARN_UNDECLARED_SELECTOR = YES;
				GCC_WARN_UNINITIALIZED_AUTOS = YES_AGGRESSIVE;
				GCC_WARN_UNUSED_FUNCTION = YES;
				GCC_WARN_UNUSED_VARIABLE = YES;
				MACOSX_DEPLOYMENT_TARGET = 10.15;
				MTL_ENABLE_DEBUG_INFO = INCLUDE_SOURCE;
				MTL_FAST_MATH = YES;
				ONLY_ACTIVE_ARCH = YES;
				SDKROOT = macosx;
				SWIFT_ACTIVE_COMPILATION_CONDITIONS = DEBUG;
				SWIFT_OPTIMIZATION_LEVEL = "-Onone";
			};
			name = Debug;
		};
		F3B568DA2389173800838401 /* Release */ = {
			isa = XCBuildConfiguration;
			buildSettings = {
				ALWAYS_SEARCH_USER_PATHS = NO;
				CLANG_ANALYZER_NONNULL = YES;
				CLANG_ANALYZER_NUMBER_OBJECT_CONVERSION = YES_AGGRESSIVE;
				CLANG_CXX_LANGUAGE_STANDARD = "gnu++14";
				CLANG_CXX_LIBRARY = "libc++";
				CLANG_ENABLE_MODULES = YES;
				CLANG_ENABLE_OBJC_ARC = YES;
				CLANG_ENABLE_OBJC_WEAK = YES;
				CLANG_WARN_BLOCK_CAPTURE_AUTORELEASING = YES;
				CLANG_WARN_BOOL_CONVERSION = YES;
				CLANG_WARN_COMMA = YES;
				CLANG_WARN_CONSTANT_CONVERSION = YES;
				CLANG_WARN_DEPRECATED_OBJC_IMPLEMENTATIONS = YES;
				CLANG_WARN_DIRECT_OBJC_ISA_USAGE = YES_ERROR;
				CLANG_WARN_DOCUMENTATION_COMMENTS = YES;
				CLANG_WARN_EMPTY_BODY = YES;
				CLANG_WARN_ENUM_CONVERSION = YES;
				CLANG_WARN_INFINITE_RECURSION = YES;
				CLANG_WARN_INT_CONVERSION = YES;
				CLANG_WARN_NON_LITERAL_NULL_CONVERSION = YES;
				CLANG_WARN_OBJC_IMPLICIT_RETAIN_SELF = YES;
				CLANG_WARN_OBJC_LITERAL_CONVERSION = YES;
				CLANG_WARN_OBJC_ROOT_CLASS = YES_ERROR;
				CLANG_WARN_RANGE_LOOP_ANALYSIS = YES;
				CLANG_WARN_STRICT_PROTOTYPES = YES;
				CLANG_WARN_SUSPICIOUS_MOVE = YES;
				CLANG_WARN_UNGUARDED_AVAILABILITY = YES_AGGRESSIVE;
				CLANG_WARN_UNREACHABLE_CODE = YES;
				CLANG_WARN__DUPLICATE_METHOD_MATCH = YES;
				COPY_PHASE_STRIP = NO;
				DEBUG_INFORMATION_FORMAT = "dwarf-with-dsym";
				ENABLE_NS_ASSERTIONS = NO;
				ENABLE_STRICT_OBJC_MSGSEND = YES;
				GCC_C_LANGUAGE_STANDARD = gnu11;
				GCC_NO_COMMON_BLOCKS = YES;
				GCC_WARN_64_TO_32_BIT_CONVERSION = YES;
				GCC_WARN_ABOUT_RETURN_TYPE = YES_ERROR;
				GCC_WARN_UNDECLARED_SELECTOR = YES;
				GCC_WARN_UNINITIALIZED_AUTOS = YES_AGGRESSIVE;
				GCC_WARN_UNUSED_FUNCTION = YES;
				GCC_WARN_UNUSED_VARIABLE = YES;
				MACOSX_DEPLOYMENT_TARGET = 10.15;
				MTL_ENABLE_DEBUG_INFO = NO;
				MTL_FAST_MATH = YES;
				SDKROOT = macosx;
				SWIFT_COMPILATION_MODE = wholemodule;
				SWIFT_OPTIMIZATION_LEVEL = "-O";
			};
			name = Release;
		};
		F3B568DC2389173800838401 /* Debug */ = {
			isa = XCBuildConfiguration;
			buildSettings = {
				CODE_SIGN_STYLE = Automatic;
				DEVELOPMENT_TEAM = 6VSLC69397;
				ENABLE_HARDENED_RUNTIME = YES;
				PRODUCT_NAME = "$(TARGET_NAME)";
				SWIFT_VERSION = 5.0;
				VALID_ARCHS = "i386 x86_64";
			};
			name = Debug;
		};
		F3B568DD2389173800838401 /* Release */ = {
			isa = XCBuildConfiguration;
			buildSettings = {
				CODE_SIGN_STYLE = Automatic;
				DEVELOPMENT_TEAM = 6VSLC69397;
				ENABLE_HARDENED_RUNTIME = YES;
				PRODUCT_NAME = "$(TARGET_NAME)";
				SWIFT_VERSION = 5.0;
				VALID_ARCHS = "i386 x86_64";
			};
			name = Release;
		};
		F3B5690C23891CF000838401 /* Debug */ = {
			isa = XCBuildConfiguration;
			buildSettings = {
				CODE_SIGN_STYLE = Automatic;
				COMBINE_HIDPI_IMAGES = YES;
				DEVELOPMENT_TEAM = 6VSLC69397;
				INFOPLIST_FILE = AlgorithmTests/Info.plist;
				LD_RUNPATH_SEARCH_PATHS = (
					"$(inherited)",
					"@executable_path/../Frameworks",
					"@loader_path/../Frameworks",
				);
				PRODUCT_BUNDLE_IDENTIFIER = jsilver.algorithm.AlgorithmTests;
				PRODUCT_NAME = "$(TARGET_NAME)";
				SWIFT_VERSION = 5.0;
			};
			name = Debug;
		};
		F3B5690D23891CF000838401 /* Release */ = {
			isa = XCBuildConfiguration;
			buildSettings = {
				CODE_SIGN_STYLE = Automatic;
				COMBINE_HIDPI_IMAGES = YES;
				DEVELOPMENT_TEAM = 6VSLC69397;
				INFOPLIST_FILE = AlgorithmTests/Info.plist;
				LD_RUNPATH_SEARCH_PATHS = (
					"$(inherited)",
					"@executable_path/../Frameworks",
					"@loader_path/../Frameworks",
				);
				PRODUCT_BUNDLE_IDENTIFIER = jsilver.algorithm.AlgorithmTests;
				PRODUCT_NAME = "$(TARGET_NAME)";
				SWIFT_VERSION = 5.0;
			};
			name = Release;
		};
/* End XCBuildConfiguration section */

/* Begin XCConfigurationList section */
		F3B568CF2389173800838401 /* Build configuration list for PBXProject "Algorithm" */ = {
			isa = XCConfigurationList;
			buildConfigurations = (
				F3B568D92389173800838401 /* Debug */,
				F3B568DA2389173800838401 /* Release */,
			);
			defaultConfigurationIsVisible = 0;
			defaultConfigurationName = Release;
		};
		F3B568DB2389173800838401 /* Build configuration list for PBXNativeTarget "Algorithm" */ = {
			isa = XCConfigurationList;
			buildConfigurations = (
				F3B568DC2389173800838401 /* Debug */,
				F3B568DD2389173800838401 /* Release */,
			);
			defaultConfigurationIsVisible = 0;
			defaultConfigurationName = Release;
		};
		F3B5690B23891CF000838401 /* Build configuration list for PBXNativeTarget "AlgorithmTests" */ = {
			isa = XCConfigurationList;
			buildConfigurations = (
				F3B5690C23891CF000838401 /* Debug */,
				F3B5690D23891CF000838401 /* Release */,
			);
			defaultConfigurationIsVisible = 0;
			defaultConfigurationName = Release;
		};
/* End XCConfigurationList section */

/* Begin XCRemoteSwiftPackageReference section */
		F34B58552389588F0013E1F5 /* XCRemoteSwiftPackageReference "JSTester" */ = {
			isa = XCRemoteSwiftPackageReference;
			repositoryURL = "https://github.com/wlsdms0122/JSTester";
			requirement = {
				kind = upToNextMajorVersion;
				minimumVersion = 1.0.0;
			};
		};
/* End XCRemoteSwiftPackageReference section */

/* Begin XCSwiftPackageProductDependency section */
		F34B58562389588F0013E1F5 /* JSTester */ = {
			isa = XCSwiftPackageProductDependency;
			package = F34B58552389588F0013E1F5 /* XCRemoteSwiftPackageReference "JSTester" */;
			productName = JSTester;
		};
/* End XCSwiftPackageProductDependency section */
	};
	rootObject = F3B568CC2389173800838401 /* Project object */;
}
